
Microsoft Visual Studio Solution File, Format Version 12.00
# Visual Studio 2012
Project("{FAE04EC0-301F-11D3-BF4B-00C04F79EFBC}") = "SimpleSFTPSync", "SimpleSFTPSync\SimpleSFTPSync.csproj", "{79929346-66B2-408B-BF8D-586297B1B787}"
EndProject
Global
	GlobalSection(SolutionConfigurationPlatforms) = preSolution
		Debug|Any CPU = Debug|Any CPU
		Release|Any CPU = Release|Any CPU
	EndGlobalSection
	GlobalSection(ProjectConfigurationPlatforms) = postSolution
		{79929346-66B2-408B-BF8D-586297B1B787}.Debug|Any CPU.ActiveCfg = Debug|Any CPU
		{79929346-66B2-408B-BF8D-586297B1B787}.Debug|Any CPU.Build.0 = Debug|Any CPU
		{79929346-66B2-408B-BF8D-586297B1B787}.Release|Any CPU.ActiveCfg = Release|Any CPU
		{79929346-66B2-408B-BF8D-586297B1B787}.Release|Any CPU.Build.0 = Release|Any CPU
	EndGlobalSection
	GlobalSection(SolutionProperties) = preSolution
		HideSolutionNode = FALSE
	EndGlobalSection
EndGlobal
